
Microsoft Visual Studio Solution File, Format Version 12.00
# Visual Studio 15
VisualStudioVersion = 15.0.28010.0
MinimumVisualStudioVersion = 10.0.40219.1
Project("{FAE04EC0-301F-11D3-BF4B-00C04F79EFBC}") = "CustomVoices", "CustomVoices\CustomVoices.csproj", "{0EEA6D31-C170-41EC-9152-4AA783CDD8D1}"
EndProject
Global
	GlobalSection(SolutionConfigurationPlatforms) = preSolution
		Debug|Any CPU = Debug|Any CPU
		Release|Any CPU = Release|Any CPU
	EndGlobalSection
	GlobalSection(ProjectConfigurationPlatforms) = postSolution
		{0EEA6D31-C170-41EC-9152-4AA783CDD8D1}.Debug|Any CPU.ActiveCfg = Debug|Any CPU
		{0EEA6D31-C170-41EC-9152-4AA783CDD8D1}.Debug|Any CPU.Build.0 = Debug|Any CPU
		{0EEA6D31-C170-41EC-9152-4AA783CDD8D1}.Release|Any CPU.ActiveCfg = Release|Any CPU
		{0EEA6D31-C170-41EC-9152-4AA783CDD8D1}.Release|Any CPU.Build.0 = Release|Any CPU
	EndGlobalSection
	GlobalSection(SolutionProperties) = preSolution
		HideSolutionNode = FALSE
	EndGlobalSection
	GlobalSection(ExtensibilityGlobals) = postSolution
		SolutionGuid = {E80D118C-507F-47B9-9532-D5327E10CAC5}
	EndGlobalSection
EndGlobal
